
Microsoft Visual Studio Solution File, Format Version 12.00
# Visual Studio Version 16
VisualStudioVersion = 16.0.30523.141
MinimumVisualStudioVersion = 10.0.40219.1
Project("{FAE04EC0-301F-11D3-BF4B-00C04F79EFBC}") = "TicketsSellingAPI", "TicketsSellingAPI.csproj", "{EB7B279B-18CF-4204-9513-96025F08DB7B}"
EndProject
Global
	GlobalSection(SolutionConfigurationPlatforms) = preSolution
		Debug|Any CPU = Debug|Any CPU
		Release|Any CPU = Release|Any CPU
	EndGlobalSection
	GlobalSection(ProjectConfigurationPlatforms) = postSolution
		{EB7B279B-18CF-4204-9513-96025F08DB7B}.Debug|Any CPU.ActiveCfg = Debug|Any CPU
		{EB7B279B-18CF-4204-9513-96025F08DB7B}.Debug|Any CPU.Build.0 = Debug|Any CPU
		{EB7B279B-18CF-4204-9513-96025F08DB7B}.Release|Any CPU.ActiveCfg = Release|Any CPU
		{EB7B279B-18CF-4204-9513-96025F08DB7B}.Release|Any CPU.Build.0 = Release|Any CPU
	EndGlobalSection
	GlobalSection(SolutionProperties) = preSolution
		HideSolutionNode = FALSE
	EndGlobalSection
	GlobalSection(ExtensibilityGlobals) = postSolution
		SolutionGuid = {FFA4A371-92F2-4828-8F4A-D0580A029583}
	EndGlobalSection
EndGlobal
